// !$*UTF8*$!
{
	archiveVersion = 1;
	classes = {
	};
	objectVersion = 50;
	objects = {

/* Begin PBXBuildFile section */
		5C334FC1262B1888004FE8D2 /* Watch2SwiftUI WatchKit App.app in Embed Watch Content */ = {isa = PBXBuildFile; fileRef = 5C334FC0262B1888004FE8D2 /* Watch2SwiftUI WatchKit App.app */; settings = {ATTRIBUTES = (RemoveHeadersOnCopy, ); }; };
		5C334FC6262B1889004FE8D2 /* Assets.xcassets in Resources */ = {isa = PBXBuildFile; fileRef = 5C334FC5262B1889004FE8D2 /* Assets.xcassets */; };
		5C334FCD262B1889004FE8D2 /* Watch2SwiftUI WatchKit Extension.appex in Embed App Extensions */ = {isa = PBXBuildFile; fileRef = 5C334FCC262B1889004FE8D2 /* Watch2SwiftUI WatchKit Extension.appex */; settings = {ATTRIBUTES = (RemoveHeadersOnCopy, ); }; };
		5C334FD2262B1889004FE8D2 /* Watch2SwiftUIApp.swift in Sources */ = {isa = PBXBuildFile; fileRef = 5C334FD1262B1889004FE8D2 /* Watch2SwiftUIApp.swift */; };
		5C334FD4262B1889004FE8D2 /* ContentView.swift in Sources */ = {isa = PBXBuildFile; fileRef = 5C334FD3262B1889004FE8D2 /* ContentView.swift */; };
		5C334FD6262B1889004FE8D2 /* NotificationController.swift in Sources */ = {isa = PBXBuildFile; fileRef = 5C334FD5262B1889004FE8D2 /* NotificationController.swift */; };
		5C334FD8262B1889004FE8D2 /* NotificationView.swift in Sources */ = {isa = PBXBuildFile; fileRef = 5C334FD7262B1889004FE8D2 /* NotificationView.swift */; };
		5C334FDA262B1889004FE8D2 /* ComplicationController.swift in Sources */ = {isa = PBXBuildFile; fileRef = 5C334FD9262B1889004FE8D2 /* ComplicationController.swift */; };
		5C334FDC262B1889004FE8D2 /* Assets.xcassets in Resources */ = {isa = PBXBuildFile; fileRef = 5C334FDB262B1889004FE8D2 /* Assets.xcassets */; };
		5C334FDF262B1889004FE8D2 /* Preview Assets.xcassets in Resources */ = {isa = PBXBuildFile; fileRef = 5C334FDE262B1889004FE8D2 /* Preview Assets.xcassets */; };
/* End PBXBuildFile section */

/* Begin PBXContainerItemProxy section */
		5C334FC2262B1888004FE8D2 /* PBXContainerItemProxy */ = {
			isa = PBXContainerItemProxy;
			containerPortal = 5C334FB6262B1888004FE8D2 /* Project object */;
			proxyType = 1;
			remoteGlobalIDString = 5C334FBF262B1888004FE8D2;
			remoteInfo = "Watch2SwiftUI WatchKit App";
		};
		5C334FCE262B1889004FE8D2 /* PBXContainerItemProxy */ = {
			isa = PBXContainerItemProxy;
			containerPortal = 5C334FB6262B1888004FE8D2 /* Project object */;
			proxyType = 1;
			remoteGlobalIDString = 5C334FCB262B1889004FE8D2;
			remoteInfo = "Watch2SwiftUI WatchKit Extension";
		};
/* End PBXContainerItemProxy section */

/* Begin PBXCopyFilesBuildPhase section */
		5C334FE7262B1889004FE8D2 /* Embed App Extensions */ = {
			isa = PBXCopyFilesBuildPhase;
			buildActionMask = 2147483647;
			dstPath = "";
			dstSubfolderSpec = 13;
			files = (
				5C334FCD262B1889004FE8D2 /* Watch2SwiftUI WatchKit Extension.appex in Embed App Extensions */,
			);
			name = "Embed App Extensions";
			runOnlyForDeploymentPostprocessing = 0;
		};
		5C334FEB262B1889004FE8D2 /* Embed Watch Content */ = {
			isa = PBXCopyFilesBuildPhase;
			buildActionMask = 2147483647;
			dstPath = "$(CONTENTS_FOLDER_PATH)/Watch";
			dstSubfolderSpec = 16;
			files = (
				5C334FC1262B1888004FE8D2 /* Watch2SwiftUI WatchKit App.app in Embed Watch Content */,
			);
			name = "Embed Watch Content";
			runOnlyForDeploymentPostprocessing = 0;
		};
/* End PBXCopyFilesBuildPhase section */

/* Begin PBXFileReference section */
		5C334FBC262B1888004FE8D2 /* Watch2SwiftUI.app */ = {isa = PBXFileReference; explicitFileType = wrapper.application; includeInIndex = 0; path = Watch2SwiftUI.app; sourceTree = BUILT_PRODUCTS_DIR; };
		5C334FC0262B1888004FE8D2 /* Watch2SwiftUI WatchKit App.app */ = {isa = PBXFileReference; explicitFileType = wrapper.application; includeInIndex = 0; path = "Watch2SwiftUI WatchKit App.app"; sourceTree = BUILT_PRODUCTS_DIR; };
		5C334FC5262B1889004FE8D2 /* Assets.xcassets */ = {isa = PBXFileReference; lastKnownFileType = folder.assetcatalog; path = Assets.xcassets; sourceTree = "<group>"; };
		5C334FC7262B1889004FE8D2 /* Info.plist */ = {isa = PBXFileReference; lastKnownFileType = text.plist.xml; path = Info.plist; sourceTree = "<group>"; };
		5C334FCC262B1889004FE8D2 /* Watch2SwiftUI WatchKit Extension.appex */ = {isa = PBXFileReference; explicitFileType = "wrapper.app-extension"; includeInIndex = 0; path = "Watch2SwiftUI WatchKit Extension.appex"; sourceTree = BUILT_PRODUCTS_DIR; };
		5C334FD1262B1889004FE8D2 /* Watch2SwiftUIApp.swift */ = {isa = PBXFileReference; lastKnownFileType = sourcecode.swift; path = Watch2SwiftUIApp.swift; sourceTree = "<group>"; };
		5C334FD3262B1889004FE8D2 /* ContentView.swift */ = {isa = PBXFileReference; lastKnownFileType = sourcecode.swift; path = ContentView.swift; sourceTree = "<group>"; };
		5C334FD5262B1889004FE8D2 /* NotificationController.swift */ = {isa = PBXFileReference; lastKnownFileType = sourcecode.swift; path = NotificationController.swift; sourceTree = "<group>"; };
		5C334FD7262B1889004FE8D2 /* NotificationView.swift */ = {isa = PBXFileReference; lastKnownFileType = sourcecode.swift; path = NotificationView.swift; sourceTree = "<group>"; };
		5C334FD9262B1889004FE8D2 /* ComplicationController.swift */ = {isa = PBXFileReference; lastKnownFileType = sourcecode.swift; path = ComplicationController.swift; sourceTree = "<group>"; };
		5C334FDB262B1889004FE8D2 /* Assets.xcassets */ = {isa = PBXFileReference; lastKnownFileType = folder.assetcatalog; path = Assets.xcassets; sourceTree = "<group>"; };
		5C334FDE262B1889004FE8D2 /* Preview Assets.xcassets */ = {isa = PBXFileReference; lastKnownFileType = folder.assetcatalog; path = "Preview Assets.xcassets"; sourceTree = "<group>"; };
		5C334FE0262B1889004FE8D2 /* Info.plist */ = {isa = PBXFileReference; lastKnownFileType = text.plist.xml; path = Info.plist; sourceTree = "<group>"; };
		5C334FE1262B1889004FE8D2 /* PushNotificationPayload.apns */ = {isa = PBXFileReference; lastKnownFileType = text; path = PushNotificationPayload.apns; sourceTree = "<group>"; };
/* End PBXFileReference section */

/* Begin PBXFrameworksBuildPhase section */
		5C334FC9262B1889004FE8D2 /* Frameworks */ = {
			isa = PBXFrameworksBuildPhase;
			buildActionMask = 2147483647;
			files = (
			);
			runOnlyForDeploymentPostprocessing = 0;
		};
/* End PBXFrameworksBuildPhase section */

/* Begin PBXGroup section */
		5C334FB5262B1888004FE8D2 = {
			isa = PBXGroup;
			children = (
				5C334FC4262B1888004FE8D2 /* Watch2SwiftUI WatchKit App */,
				5C334FD0262B1889004FE8D2 /* Watch2SwiftUI WatchKit Extension */,
				5C334FBD262B1888004FE8D2 /* Products */,
			);
			sourceTree = "<group>";
		};
		5C334FBD262B1888004FE8D2 /* Products */ = {
			isa = PBXGroup;
			children = (
				5C334FBC262B1888004FE8D2 /* Watch2SwiftUI.app */,
				5C334FC0262B1888004FE8D2 /* Watch2SwiftUI WatchKit App.app */,
				5C334FCC262B1889004FE8D2 /* Watch2SwiftUI WatchKit Extension.appex */,
			);
			name = Products;
			sourceTree = "<group>";
		};
		5C334FC4262B1888004FE8D2 /* Watch2SwiftUI WatchKit App */ = {
			isa = PBXGroup;
			children = (
				5C334FC5262B1889004FE8D2 /* Assets.xcassets */,
				5C334FC7262B1889004FE8D2 /* Info.plist */,
			);
			path = "Watch2SwiftUI WatchKit App";
			sourceTree = "<group>";
		};
		5C334FD0262B1889004FE8D2 /* Watch2SwiftUI WatchKit Extension */ = {
			isa = PBXGroup;
			children = (
				5C334FD1262B1889004FE8D2 /* Watch2SwiftUIApp.swift */,
				5C334FD3262B1889004FE8D2 /* ContentView.swift */,
				5C334FD5262B1889004FE8D2 /* NotificationController.swift */,
				5C334FD7262B1889004FE8D2 /* NotificationView.swift */,
				5C334FD9262B1889004FE8D2 /* ComplicationController.swift */,
				5C334FDB262B1889004FE8D2 /* Assets.xcassets */,
				5C334FE0262B1889004FE8D2 /* Info.plist */,
				5C334FE1262B1889004FE8D2 /* PushNotificationPayload.apns */,
				5C334FDD262B1889004FE8D2 /* Preview Content */,
			);
			path = "Watch2SwiftUI WatchKit Extension";
			sourceTree = "<group>";
		};
		5C334FDD262B1889004FE8D2 /* Preview Content */ = {
			isa = PBXGroup;
			children = (
				5C334FDE262B1889004FE8D2 /* Preview Assets.xcassets */,
			);
			path = "Preview Content";
			sourceTree = "<group>";
		};
/* End PBXGroup section */

/* Begin PBXNativeTarget section */
		5C334FBB262B1888004FE8D2 /* Watch2SwiftUI */ = {
			isa = PBXNativeTarget;
			buildConfigurationList = 5C334FEC262B1889004FE8D2 /* Build configuration list for PBXNativeTarget "Watch2SwiftUI" */;
			buildPhases = (
				5C334FBA262B1888004FE8D2 /* Resources */,
				5C334FEB262B1889004FE8D2 /* Embed Watch Content */,
			);
			buildRules = (
			);
			dependencies = (
				5C334FC3262B1888004FE8D2 /* PBXTargetDependency */,
			);
			name = Watch2SwiftUI;
			productName = Watch2SwiftUI;
			productReference = 5C334FBC262B1888004FE8D2 /* Watch2SwiftUI.app */;
			productType = "com.apple.product-type.application.watchapp2-container";
		};
		5C334FBF262B1888004FE8D2 /* Watch2SwiftUI WatchKit App */ = {
			isa = PBXNativeTarget;
			buildConfigurationList = 5C334FE8262B1889004FE8D2 /* Build configuration list for PBXNativeTarget "Watch2SwiftUI WatchKit App" */;
			buildPhases = (
				5C334FBE262B1888004FE8D2 /* Resources */,
				5C334FE7262B1889004FE8D2 /* Embed App Extensions */,
			);
			buildRules = (
			);
			dependencies = (
				5C334FCF262B1889004FE8D2 /* PBXTargetDependency */,
			);
			name = "Watch2SwiftUI WatchKit App";
			productName = "Watch2SwiftUI WatchKit App";
			productReference = 5C334FC0262B1888004FE8D2 /* Watch2SwiftUI WatchKit App.app */;
			productType = "com.apple.product-type.application.watchapp2";
		};
		5C334FCB262B1889004FE8D2 /* Watch2SwiftUI WatchKit Extension */ = {
			isa = PBXNativeTarget;
			buildConfigurationList = 5C334FE4262B1889004FE8D2 /* Build configuration list for PBXNativeTarget "Watch2SwiftUI WatchKit Extension" */;
			buildPhases = (
				5C334FC8262B1889004FE8D2 /* Sources */,
				5C334FC9262B1889004FE8D2 /* Frameworks */,
				5C334FCA262B1889004FE8D2 /* Resources */,
			);
			buildRules = (
			);
			dependencies = (
			);
			name = "Watch2SwiftUI WatchKit Extension";
			productName = "Watch2SwiftUI WatchKit Extension";
			productReference = 5C334FCC262B1889004FE8D2 /* Watch2SwiftUI WatchKit Extension.appex */;
			productType = "com.apple.product-type.watchkit2-extension";
		};
/* End PBXNativeTarget section */

/* Begin PBXProject section */
		5C334FB6262B1888004FE8D2 /* Project object */ = {
			isa = PBXProject;
			attributes = {
				LastSwiftUpdateCheck = 1240;
				LastUpgradeCheck = 1240;
				TargetAttributes = {
					5C334FBB262B1888004FE8D2 = {
						CreatedOnToolsVersion = 12.4;
					};
					5C334FBF262B1888004FE8D2 = {
						CreatedOnToolsVersion = 12.4;
					};
					5C334FCB262B1889004FE8D2 = {
						CreatedOnToolsVersion = 12.4;
					};
				};
			};
			buildConfigurationList = 5C334FB9262B1888004FE8D2 /* Build configuration list for PBXProject "Watch2SwiftUI" */;
			compatibilityVersion = "Xcode 9.3";
			developmentRegion = en;
			hasScannedForEncodings = 0;
			knownRegions = (
				en,
				Base,
			);
			mainGroup = 5C334FB5262B1888004FE8D2;
			productRefGroup = 5C334FBD262B1888004FE8D2 /* Products */;
			projectDirPath = "";
			projectRoot = "";
			targets = (
				5C334FBB262B1888004FE8D2 /* Watch2SwiftUI */,
				5C334FBF262B1888004FE8D2 /* Watch2SwiftUI WatchKit App */,
				5C334FCB262B1889004FE8D2 /* Watch2SwiftUI WatchKit Extension */,
			);
		};
/* End PBXProject section */

/* Begin PBXResourcesBuildPhase section */
		5C334FBA262B1888004FE8D2 /* Resources */ = {
			isa = PBXResourcesBuildPhase;
			buildActionMask = 2147483647;
			files = (
			);
			runOnlyForDeploymentPostprocessing = 0;
		};
		5C334FBE262B1888004FE8D2 /* Resources */ = {
			isa = PBXResourcesBuildPhase;
			buildActionMask = 2147483647;
			files = (
				5C334FC6262B1889004FE8D2 /* Assets.xcassets in Resources */,
			);
			runOnlyForDeploymentPostprocessing = 0;
		};
		5C334FCA262B1889004FE8D2 /* Resources */ = {
			isa = PBXResourcesBuildPhase;
			buildActionMask = 2147483647;
			files = (
				5C334FDF262B1889004FE8D2 /* Preview Assets.xcassets in Resources */,
				5C334FDC262B1889004FE8D2 /* Assets.xcassets in Resources */,
			);
			runOnlyForDeploymentPostprocessing = 0;
		};
/* End PBXResourcesBuildPhase section */

/* Begin PBXSourcesBuildPhase section */
		5C334FC8262B1889004FE8D2 /* Sources */ = {
			isa = PBXSourcesBuildPhase;
			buildActionMask = 2147483647;
			files = (
				5C334FD6262B1889004FE8D2 /* NotificationController.swift in Sources */,
				5C334FD4262B1889004FE8D2 /* ContentView.swift in Sources */,
				5C334FDA262B1889004FE8D2 /* ComplicationController.swift in Sources */,
				5C334FD2262B1889004FE8D2 /* Watch2SwiftUIApp.swift in Sources */,
				5C334FD8262B1889004FE8D2 /* NotificationView.swift in Sources */,
			);
			runOnlyForDeploymentPostprocessing = 0;
		};
/* End PBXSourcesBuildPhase section */

/* Begin PBXTargetDependency section */
		5C334FC3262B1888004FE8D2 /* PBXTargetDependency */ = {
			isa = PBXTargetDependency;
			target = 5C334FBF262B1888004FE8D2 /* Watch2SwiftUI WatchKit App */;
			targetProxy = 5C334FC2262B1888004FE8D2 /* PBXContainerItemProxy */;
		};
		5C334FCF262B1889004FE8D2 /* PBXTargetDependency */ = {
			isa = PBXTargetDependency;
			target = 5C334FCB262B1889004FE8D2 /* Watch2SwiftUI WatchKit Extension */;
			targetProxy = 5C334FCE262B1889004FE8D2 /* PBXContainerItemProxy */;
		};
/* End PBXTargetDependency section */

/* Begin XCBuildConfiguration section */
		5C334FE2262B1889004FE8D2 /* Debug */ = {
			isa = XCBuildConfiguration;
			buildSettings = {
				ALWAYS_SEARCH_USER_PATHS = NO;
				CLANG_ANALYZER_NONNULL = YES;
				CLANG_ANALYZER_NUMBER_OBJECT_CONVERSION = YES_AGGRESSIVE;
				CLANG_CXX_LANGUAGE_STANDARD = "gnu++14";
				CLANG_CXX_LIBRARY = "libc++";
				CLANG_ENABLE_MODULES = YES;
				CLANG_ENABLE_OBJC_ARC = YES;
				CLANG_ENABLE_OBJC_WEAK = YES;
				CLANG_WARN_BLOCK_CAPTURE_AUTORELEASING = YES;
				CLANG_WARN_BOOL_CONVERSION = YES;
				CLANG_WARN_COMMA = YES;
				CLANG_WARN_CONSTANT_CONVERSION = YES;
				CLANG_WARN_DEPRECATED_OBJC_IMPLEMENTATIONS = YES;
				CLANG_WARN_DIRECT_OBJC_ISA_USAGE = YES_ERROR;
				CLANG_WARN_DOCUMENTATION_COMMENTS = YES;
				CLANG_WARN_EMPTY_BODY = YES;
				CLANG_WARN_ENUM_CONVERSION = YES;
				CLANG_WARN_INFINITE_RECURSION = YES;
				CLANG_WARN_INT_CONVERSION = YES;
				CLANG_WARN_NON_LITERAL_NULL_CONVERSION = YES;
				CLANG_WARN_OBJC_IMPLICIT_RETAIN_SELF = YES;
				CLANG_WARN_OBJC_LITERAL_CONVERSION = YES;
				CLANG_WARN_OBJC_ROOT_CLASS = YES_ERROR;
				CLANG_WARN_QUOTED_INCLUDE_IN_FRAMEWORK_HEADER = YES;
				CLANG_WARN_RANGE_LOOP_ANALYSIS = YES;
				CLANG_WARN_STRICT_PROTOTYPES = YES;
				CLANG_WARN_SUSPICIOUS_MOVE = YES;
				CLANG_WARN_UNGUARDED_AVAILABILITY = YES_AGGRESSIVE;
				CLANG_WARN_UNREACHABLE_CODE = YES;
				CLANG_WARN__DUPLICATE_METHOD_MATCH = YES;
				COPY_PHASE_STRIP = NO;
				DEBUG_INFORMATION_FORMAT = dwarf;
				ENABLE_STRICT_OBJC_MSGSEND = YES;
				ENABLE_TESTABILITY = YES;
				GCC_C_LANGUAGE_STANDARD = gnu11;
				GCC_DYNAMIC_NO_PIC = NO;
				GCC_NO_COMMON_BLOCKS = YES;
				GCC_OPTIMIZATION_LEVEL = 0;
				GCC_PREPROCESSOR_DEFINITIONS = (
					"DEBUG=1",
					"$(inherited)",
				);
				GCC_WARN_64_TO_32_BIT_CONVERSION = YES;
				GCC_WARN_ABOUT_RETURN_TYPE = YES_ERROR;
				GCC_WARN_UNDECLARED_SELECTOR = YES;
				GCC_WARN_UNINITIALIZED_AUTOS = YES_AGGRESSIVE;
				GCC_WARN_UNUSED_FUNCTION = YES;
				GCC_WARN_UNUSED_VARIABLE = YES;
				MTL_ENABLE_DEBUG_INFO = INCLUDE_SOURCE;
				MTL_FAST_MATH = YES;
				ONLY_ACTIVE_ARCH = YES;
				SDKROOT = iphoneos;
				SWIFT_ACTIVE_COMPILATION_CONDITIONS = DEBUG;
				SWIFT_OPTIMIZATION_LEVEL = "-Onone";
			};
			name = Debug;
		};
		5C334FE3262B1889004FE8D2 /* Release */ = {
			isa = XCBuildConfiguration;
			buildSettings = {
				ALWAYS_SEARCH_USER_PATHS = NO;
				CLANG_ANALYZER_NONNULL = YES;
				CLANG_ANALYZER_NUMBER_OBJECT_CONVERSION = YES_AGGRESSIVE;
				CLANG_CXX_LANGUAGE_STANDARD = "gnu++14";
				CLANG_CXX_LIBRARY = "libc++";
				CLANG_ENABLE_MODULES = YES;
				CLANG_ENABLE_OBJC_ARC = YES;
				CLANG_ENABLE_OBJC_WEAK = YES;
				CLANG_WARN_BLOCK_CAPTURE_AUTORELEASING = YES;
				CLANG_WARN_BOOL_CONVERSION = YES;
				CLANG_WARN_COMMA = YES;
				CLANG_WARN_CONSTANT_CONVERSION = YES;
				CLANG_WARN_DEPRECATED_OBJC_IMPLEMENTATIONS = YES;
				CLANG_WARN_DIRECT_OBJC_ISA_USAGE = YES_ERROR;
				CLANG_WARN_DOCUMENTATION_COMMENTS = YES;
				CLANG_WARN_EMPTY_BODY = YES;
				CLANG_WARN_ENUM_CONVERSION = YES;
				CLANG_WARN_INFINITE_RECURSION = YES;
				CLANG_WARN_INT_CONVERSION = YES;
				CLANG_WARN_NON_LITERAL_NULL_CONVERSION = YES;
				CLANG_WARN_OBJC_IMPLICIT_RETAIN_SELF = YES;
				CLANG_WARN_OBJC_LITERAL_CONVERSION = YES;
				CLANG_WARN_OBJC_ROOT_CLASS = YES_ERROR;
				CLANG_WARN_QUOTED_INCLUDE_IN_FRAMEWORK_HEADER = YES;
				CLANG_WARN_RANGE_LOOP_ANALYSIS = YES;
				CLANG_WARN_STRICT_PROTOTYPES = YES;
				CLANG_WARN_SUSPICIOUS_MOVE = YES;
				CLANG_WARN_UNGUARDED_AVAILABILITY = YES_AGGRESSIVE;
				CLANG_WARN_UNREACHABLE_CODE = YES;
				CLANG_WARN__DUPLICATE_METHOD_MATCH = YES;
				COPY_PHASE_STRIP = NO;
				DEBUG_INFORMATION_FORMAT = "dwarf-with-dsym";
				ENABLE_NS_ASSERTIONS = NO;
				ENABLE_STRICT_OBJC_MSGSEND = YES;
				GCC_C_LANGUAGE_STANDARD = gnu11;
				GCC_NO_COMMON_BLOCKS = YES;
				GCC_WARN_64_TO_32_BIT_CONVERSION = YES;
				GCC_WARN_ABOUT_RETURN_TYPE = YES_ERROR;
				GCC_WARN_UNDECLARED_SELECTOR = YES;
				GCC_WARN_UNINITIALIZED_AUTOS = YES_AGGRESSIVE;
				GCC_WARN_UNUSED_FUNCTION = YES;
				GCC_WARN_UNUSED_VARIABLE = YES;
				MTL_ENABLE_DEBUG_INFO = NO;
				MTL_FAST_MATH = YES;
				SDKROOT = iphoneos;
				SWIFT_COMPILATION_MODE = wholemodule;
				SWIFT_OPTIMIZATION_LEVEL = "-O";
				VALIDATE_PRODUCT = YES;
			};
			name = Release;
		};
		5C334FE5262B1889004FE8D2 /* Debug */ = {
			isa = XCBuildConfiguration;
			buildSettings = {
				ASSETCATALOG_COMPILER_COMPLICATION_NAME = Complication;
				CODE_SIGN_STYLE = Automatic;
				DEVELOPMENT_ASSET_PATHS = "\"Watch2SwiftUI WatchKit Extension/Preview Content\"";
				DEVELOPMENT_TEAM = 56ZBSRTSDR;
				ENABLE_PREVIEWS = YES;
				INFOPLIST_FILE = "Watch2SwiftUI WatchKit Extension/Info.plist";
				LD_RUNPATH_SEARCH_PATHS = (
					"$(inherited)",
					"@executable_path/Frameworks",
					"@executable_path/../../Frameworks",
				);
				PRODUCT_BUNDLE_IDENTIFIER = com.shreyasvilaschandrabhike.Watch2SwiftUI.watchkitapp.watchkitextension;
				PRODUCT_NAME = "${TARGET_NAME}";
				SDKROOT = watchos;
				SKIP_INSTALL = YES;
				SWIFT_VERSION = 5.0;
				TARGETED_DEVICE_FAMILY = 4;
				WATCHOS_DEPLOYMENT_TARGET = 7.2;
			};
			name = Debug;
		};
		5C334FE6262B1889004FE8D2 /* Release */ = {
			isa = XCBuildConfiguration;
			buildSettings = {
				ASSETCATALOG_COMPILER_COMPLICATION_NAME = Complication;
				CODE_SIGN_STYLE = Automatic;
				DEVELOPMENT_ASSET_PATHS = "\"Watch2SwiftUI WatchKit Extension/Preview Content\"";
				DEVELOPMENT_TEAM = 56ZBSRTSDR;
				ENABLE_PREVIEWS = YES;
				INFOPLIST_FILE = "Watch2SwiftUI WatchKit Extension/Info.plist";
				LD_RUNPATH_SEARCH_PATHS = (
					"$(inherited)",
					"@executable_path/Frameworks",
					"@executable_path/../../Frameworks",
				);
				PRODUCT_BUNDLE_IDENTIFIER = com.shreyasvilaschandrabhike.Watch2SwiftUI.watchkitapp.watchkitextension;
				PRODUCT_NAME = "${TARGET_NAME}";
				SDKROOT = watchos;
				SKIP_INSTALL = YES;
				SWIFT_VERSION = 5.0;
				TARGETED_DEVICE_FAMILY = 4;
				WATCHOS_DEPLOYMENT_TARGET = 7.2;
			};
			name = Release;
		};
		5C334FE9262B1889004FE8D2 /* Debug */ = {
			isa = XCBuildConfiguration;
			buildSettings = {
				ALWAYS_EMBED_SWIFT_STANDARD_LIBRARIES = YES;
				ASSETCATALOG_COMPILER_APPICON_NAME = AppIcon;
				ASSETCATALOG_COMPILER_GLOBAL_ACCENT_COLOR_NAME = AccentColor;
				CODE_SIGN_STYLE = Automatic;
				DEVELOPMENT_TEAM = 56ZBSRTSDR;
				IBSC_MODULE = Watch2SwiftUI_WatchKit_Extension;
				INFOPLIST_FILE = "Watch2SwiftUI WatchKit App/Info.plist";
				PRODUCT_BUNDLE_IDENTIFIER = com.shreyasvilaschandrabhike.Watch2SwiftUI.watchkitapp;
				PRODUCT_NAME = "$(TARGET_NAME)";
				SDKROOT = watchos;
				SKIP_INSTALL = YES;
				SWIFT_VERSION = 5.0;
				TARGETED_DEVICE_FAMILY = 4;
				WATCHOS_DEPLOYMENT_TARGET = 7.2;
			};
			name = Debug;
		};
		5C334FEA262B1889004FE8D2 /* Release */ = {
			isa = XCBuildConfiguration;
			buildSettings = {
				ALWAYS_EMBED_SWIFT_STANDARD_LIBRARIES = YES;
				ASSETCATALOG_COMPILER_APPICON_NAME = AppIcon;
				ASSETCATALOG_COMPILER_GLOBAL_ACCENT_COLOR_NAME = AccentColor;
				CODE_SIGN_STYLE = Automatic;
				DEVELOPMENT_TEAM = 56ZBSRTSDR;
				IBSC_MODULE = Watch2SwiftUI_WatchKit_Extension;
				INFOPLIST_FILE = "Watch2SwiftUI WatchKit App/Info.plist";
				PRODUCT_BUNDLE_IDENTIFIER = com.shreyasvilaschandrabhike.Watch2SwiftUI.watchkitapp;
				PRODUCT_NAME = "$(TARGET_NAME)";
				SDKROOT = watchos;
				SKIP_INSTALL = YES;
				SWIFT_VERSION = 5.0;
				TARGETED_DEVICE_FAMILY = 4;
				WATCHOS_DEPLOYMENT_TARGET = 7.2;
			};
			name = Release;
		};
		5C334FED262B1889004FE8D2 /* Debug */ = {
			isa = XCBuildConfiguration;
			buildSettings = {
				CODE_SIGN_STYLE = Automatic;
				CURRENT_PROJECT_VERSION = 1;
				DEVELOPMENT_TEAM = 56ZBSRTSDR;
				MARKETING_VERSION = 1.0;
				PRODUCT_BUNDLE_IDENTIFIER = com.shreyasvilaschandrabhike.Watch2SwiftUI;
				PRODUCT_NAME = "$(TARGET_NAME)";
				SWIFT_VERSION = 5.0;
			};
			name = Debug;
		};
		5C334FEE262B1889004FE8D2 /* Release */ = {
			isa = XCBuildConfiguration;
			buildSettings = {
				CODE_SIGN_STYLE = Automatic;
				CURRENT_PROJECT_VERSION = 1;
				DEVELOPMENT_TEAM = 56ZBSRTSDR;
				MARKETING_VERSION = 1.0;
				PRODUCT_BUNDLE_IDENTIFIER = com.shreyasvilaschandrabhike.Watch2SwiftUI;
				PRODUCT_NAME = "$(TARGET_NAME)";
				SWIFT_VERSION = 5.0;
			};
			name = Release;
		};
/* End XCBuildConfiguration section */

/* Begin XCConfigurationList section */
		5C334FB9262B1888004FE8D2 /* Build configuration list for PBXProject "Watch2SwiftUI" */ = {
			isa = XCConfigurationList;
			buildConfigurations = (
				5C334FE2262B1889004FE8D2 /* Debug */,
				5C334FE3262B1889004FE8D2 /* Release */,
			);
			defaultConfigurationIsVisible = 0;
			defaultConfigurationName = Release;
		};
		5C334FE4262B1889004FE8D2 /* Build configuration list for PBXNativeTarget "Watch2SwiftUI WatchKit Extension" */ = {
			isa = XCConfigurationList;
			buildConfigurations = (
				5C334FE5262B1889004FE8D2 /* Debug */,
				5C334FE6262B1889004FE8D2 /* Release */,
			);
			defaultConfigurationIsVisible = 0;
			defaultConfigurationName = Release;
		};
		5C334FE8262B1889004FE8D2 /* Build configuration list for PBXNativeTarget "Watch2SwiftUI WatchKit App" */ = {
			isa = XCConfigurationList;
			buildConfigurations = (
				5C334FE9262B1889004FE8D2 /* Debug */,
				5C334FEA262B1889004FE8D2 /* Release */,
			);
			defaultConfigurationIsVisible = 0;
			defaultConfigurationName = Release;
		};
		5C334FEC262B1889004FE8D2 /* Build configuration list for PBXNativeTarget "Watch2SwiftUI" */ = {
			isa = XCConfigurationList;
			buildConfigurations = (
				5C334FED262B1889004FE8D2 /* Debug */,
				5C334FEE262B1889004FE8D2 /* Release */,
			);
			defaultConfigurationIsVisible = 0;
			defaultConfigurationName = Release;
		};
/* End XCConfigurationList section */
	};
	rootObject = 5C334FB6262B1888004FE8D2 /* Project object */;
}
